
Microsoft Visual Studio Solution File, Format Version 12.00
# Visual Studio Version 17
VisualStudioVersion = 17.4.33122.133
MinimumVisualStudioVersion = 10.0.40219.1
Project("{FAE04EC0-301F-11D3-BF4B-00C04F79EFBC}") = "act15cst150", "act15cst150.csproj", "{8E49B9C3-7B2E-490F-A863-8D970E3ABD85}"
EndProject
Global
	GlobalSection(SolutionConfigurationPlatforms) = preSolution
		Debug|Any CPU = Debug|Any CPU
		Release|Any CPU = Release|Any CPU
	EndGlobalSection
	GlobalSection(ProjectConfigurationPlatforms) = postSolution
		{8E49B9C3-7B2E-490F-A863-8D970E3ABD85}.Debug|Any CPU.ActiveCfg = Debug|Any CPU
		{8E49B9C3-7B2E-490F-A863-8D970E3ABD85}.Debug|Any CPU.Build.0 = Debug|Any CPU
		{8E49B9C3-7B2E-490F-A863-8D970E3ABD85}.Release|Any CPU.ActiveCfg = Release|Any CPU
		{8E49B9C3-7B2E-490F-A863-8D970E3ABD85}.Release|Any CPU.Build.0 = Release|Any CPU
	EndGlobalSection
	GlobalSection(SolutionProperties) = preSolution
		HideSolutionNode = FALSE
	EndGlobalSection
	GlobalSection(ExtensibilityGlobals) = postSolution
		SolutionGuid = {B603C6E9-3916-41CF-B2C6-433430847FF5}
	EndGlobalSection
EndGlobal
